
Microsoft Visual Studio Solution File, Format Version 12.00
# Visual Studio Version 17
VisualStudioVersion = 17.0.32014.148
MinimumVisualStudioVersion = 10.0.40219.1
Project("{FAE04EC0-301F-11D3-BF4B-00C04F79EFBC}") = "LeaveManagementWeb", "LeaveManagementWeb\LeaveManagementWeb.csproj", "{3AFAE436-C6DF-47DB-AA71-F07003F9791E}"
EndProject
Global
	GlobalSection(SolutionConfigurationPlatforms) = preSolution
		Debug|Any CPU = Debug|Any CPU
		Release|Any CPU = Release|Any CPU
	EndGlobalSection
	GlobalSection(ProjectConfigurationPlatforms) = postSolution
		{3AFAE436-C6DF-47DB-AA71-F07003F9791E}.Debug|Any CPU.ActiveCfg = Debug|Any CPU
		{3AFAE436-C6DF-47DB-AA71-F07003F9791E}.Debug|Any CPU.Build.0 = Debug|Any CPU
		{3AFAE436-C6DF-47DB-AA71-F07003F9791E}.Release|Any CPU.ActiveCfg = Release|Any CPU
		{3AFAE436-C6DF-47DB-AA71-F07003F9791E}.Release|Any CPU.Build.0 = Release|Any CPU
	EndGlobalSection
	GlobalSection(SolutionProperties) = preSolution
		HideSolutionNode = FALSE
	EndGlobalSection
	GlobalSection(ExtensibilityGlobals) = postSolution
		SolutionGuid = {F148DDE3-7CC8-4318-939A-558F1ACE289C}
	EndGlobalSection
EndGlobal
